
Microsoft Visual Studio Solution File, Format Version 12.00
# Visual Studio Version 16
VisualStudioVersion = 16.0.31005.135
MinimumVisualStudioVersion = 10.0.40219.1
Project("{9A19103F-16F7-4668-BE54-9A1E7A4F7556}") = "globe-app", "globe-app.csproj", "{A5D9A4E6-E3BE-41FA-951A-581B1E928F57}"
EndProject
Global
	GlobalSection(SolutionConfigurationPlatforms) = preSolution
		Debug|Any CPU = Debug|Any CPU
		Release|Any CPU = Release|Any CPU
	EndGlobalSection
	GlobalSection(ProjectConfigurationPlatforms) = postSolution
		{A5D9A4E6-E3BE-41FA-951A-581B1E928F57}.Debug|Any CPU.ActiveCfg = Debug|Any CPU
		{A5D9A4E6-E3BE-41FA-951A-581B1E928F57}.Debug|Any CPU.Build.0 = Debug|Any CPU
		{A5D9A4E6-E3BE-41FA-951A-581B1E928F57}.Release|Any CPU.ActiveCfg = Release|Any CPU
		{A5D9A4E6-E3BE-41FA-951A-581B1E928F57}.Release|Any CPU.Build.0 = Release|Any CPU
	EndGlobalSection
	GlobalSection(SolutionProperties) = preSolution
		HideSolutionNode = FALSE
	EndGlobalSection
	GlobalSection(ExtensibilityGlobals) = postSolution
		SolutionGuid = {27D72F3D-A493-431F-A5A7-1E7DE4B09A83}
	EndGlobalSection
EndGlobal
